
Microsoft Visual Studio Solution File, Format Version 12.00
Project("{FAE04EC0-301F-11D3-BF4B-00C04F79EFBC}") = "Edemo.Domain", "Edemo.Domain\Edemo.Domain.csproj", "{6E15C354-E1BD-415C-AEBA-789EE1F7FA48}"
EndProject
Project("{FAE04EC0-301F-11D3-BF4B-00C04F79EFBC}") = "Edemo.Application", "Edemo.Application\Edemo.Application.csproj", "{26EB1752-C5D9-4FD2-A05B-559B8DCAA92E}"
EndProject
Project("{FAE04EC0-301F-11D3-BF4B-00C04F79EFBC}") = "Edemo.Infrastructure", "Edemo.Infrastructure\Edemo.Infrastructure.csproj", "{166D3F67-C6AB-4656-9424-A50171EBEFC7}"
EndProject
Project("{2150E333-8FDC-42A3-9474-1A3956D46DE8}") = "src", "src", "{18E4D07A-9D02-414C-933C-338CC5E4FDC0}"
EndProject
Project("{2150E333-8FDC-42A3-9474-1A3956D46DE8}") = "tests", "tests", "{42C31F7F-DB32-4B26-9393-DE1903025E62}"
EndProject
Project("{FAE04EC0-301F-11D3-BF4B-00C04F79EFBC}") = "Edemo.Api", "Edemo.Api\Edemo.Api.csproj", "{6EB63A93-FB21-49B7-B8F7-9EBC1208B169}"
EndProject
Project("{2150E333-8FDC-42A3-9474-1A3956D46DE8}") = "ExternalServices", "ExternalServices", "{A3155102-39F0-4D4F-8EA6-50CC1221D9B8}"
EndProject
Project("{FAE04EC0-301F-11D3-BF4B-00C04F79EFBC}") = "UserBalanceService", "UserBalanceService\UserBalanceService.csproj", "{51114935-A39F-4020-8039-B036EE898A62}"
EndProject
Project("{FAE04EC0-301F-11D3-BF4B-00C04F79EFBC}") = "Edemo.Domain.UnitTests", "Edemo.Domain.UnitTests\Edemo.Domain.UnitTests.csproj", "{3D333A18-2649-4E87-8C2D-8F7D1C6D13C1}"
EndProject
Global
	GlobalSection(SolutionConfigurationPlatforms) = preSolution
		Debug|Any CPU = Debug|Any CPU
		Release|Any CPU = Release|Any CPU
	EndGlobalSection
	GlobalSection(ProjectConfigurationPlatforms) = postSolution
		{6E15C354-E1BD-415C-AEBA-789EE1F7FA48}.Debug|Any CPU.ActiveCfg = Debug|Any CPU
		{6E15C354-E1BD-415C-AEBA-789EE1F7FA48}.Debug|Any CPU.Build.0 = Debug|Any CPU
		{6E15C354-E1BD-415C-AEBA-789EE1F7FA48}.Release|Any CPU.ActiveCfg = Release|Any CPU
		{6E15C354-E1BD-415C-AEBA-789EE1F7FA48}.Release|Any CPU.Build.0 = Release|Any CPU
		{26EB1752-C5D9-4FD2-A05B-559B8DCAA92E}.Debug|Any CPU.ActiveCfg = Debug|Any CPU
		{26EB1752-C5D9-4FD2-A05B-559B8DCAA92E}.Debug|Any CPU.Build.0 = Debug|Any CPU
		{26EB1752-C5D9-4FD2-A05B-559B8DCAA92E}.Release|Any CPU.ActiveCfg = Release|Any CPU
		{26EB1752-C5D9-4FD2-A05B-559B8DCAA92E}.Release|Any CPU.Build.0 = Release|Any CPU
		{166D3F67-C6AB-4656-9424-A50171EBEFC7}.Debug|Any CPU.ActiveCfg = Debug|Any CPU
		{166D3F67-C6AB-4656-9424-A50171EBEFC7}.Debug|Any CPU.Build.0 = Debug|Any CPU
		{166D3F67-C6AB-4656-9424-A50171EBEFC7}.Release|Any CPU.ActiveCfg = Release|Any CPU
		{166D3F67-C6AB-4656-9424-A50171EBEFC7}.Release|Any CPU.Build.0 = Release|Any CPU
		{6EB63A93-FB21-49B7-B8F7-9EBC1208B169}.Debug|Any CPU.ActiveCfg = Debug|Any CPU
		{6EB63A93-FB21-49B7-B8F7-9EBC1208B169}.Debug|Any CPU.Build.0 = Debug|Any CPU
		{6EB63A93-FB21-49B7-B8F7-9EBC1208B169}.Release|Any CPU.ActiveCfg = Release|Any CPU
		{6EB63A93-FB21-49B7-B8F7-9EBC1208B169}.Release|Any CPU.Build.0 = Release|Any CPU
		{51114935-A39F-4020-8039-B036EE898A62}.Debug|Any CPU.ActiveCfg = Debug|Any CPU
		{51114935-A39F-4020-8039-B036EE898A62}.Debug|Any CPU.Build.0 = Debug|Any CPU
		{51114935-A39F-4020-8039-B036EE898A62}.Release|Any CPU.ActiveCfg = Release|Any CPU
		{51114935-A39F-4020-8039-B036EE898A62}.Release|Any CPU.Build.0 = Release|Any CPU
		{3D333A18-2649-4E87-8C2D-8F7D1C6D13C1}.Debug|Any CPU.ActiveCfg = Debug|Any CPU
		{3D333A18-2649-4E87-8C2D-8F7D1C6D13C1}.Debug|Any CPU.Build.0 = Debug|Any CPU
		{3D333A18-2649-4E87-8C2D-8F7D1C6D13C1}.Release|Any CPU.ActiveCfg = Release|Any CPU
		{3D333A18-2649-4E87-8C2D-8F7D1C6D13C1}.Release|Any CPU.Build.0 = Release|Any CPU
	EndGlobalSection
	GlobalSection(NestedProjects) = preSolution
		{26EB1752-C5D9-4FD2-A05B-559B8DCAA92E} = {18E4D07A-9D02-414C-933C-338CC5E4FDC0}
		{6E15C354-E1BD-415C-AEBA-789EE1F7FA48} = {18E4D07A-9D02-414C-933C-338CC5E4FDC0}
		{166D3F67-C6AB-4656-9424-A50171EBEFC7} = {18E4D07A-9D02-414C-933C-338CC5E4FDC0}
		{6EB63A93-FB21-49B7-B8F7-9EBC1208B169} = {18E4D07A-9D02-414C-933C-338CC5E4FDC0}
		{51114935-A39F-4020-8039-B036EE898A62} = {A3155102-39F0-4D4F-8EA6-50CC1221D9B8}
		{3D333A18-2649-4E87-8C2D-8F7D1C6D13C1} = {42C31F7F-DB32-4B26-9393-DE1903025E62}
	EndGlobalSection
EndGlobal
